{"version":4,"terraform_version":"1.11.7","serial":7,"lineage":"9fafadb0-4a50-555f-5ae0-e45c80384380","outputs":{},"resources":[{"mode":"managed","type":"linode_domain","name":"domain","provider":"provider[\"registry.opentofu.org/linode/linode\"]","instances":[{"index_key":"aaroaho.fi","schema_version":0,"attributes":{"axfr_ips":[],"description":"","domain":"aaroaho.fi","expire_sec":0,"group":"","id":"3451941","master_ips":[],"refresh_sec":0,"retry_sec":0,"soa_email":"lauri.mauranen@gmail.com","status":"active","tags":[],"ttl_sec":0,"type":"master"},"sensitive_attributes":[],"private":"bnVsbA=="},{"index_key":"lateoy.fi","schema_version":0,"attributes":{"axfr_ips":[],"description":"","domain":"lateoy.fi","expire_sec":0,"group":"","id":"3451940","master_ips":[],"refresh_sec":0,"retry_sec":0,"soa_email":"lauri.mauranen@gmail.com","status":"active","tags":[],"ttl_sec":0,"type":"master"},"sensitive_attributes":[],"private":"bnVsbA=="},{"index_key":"vinskis-great-button-game.fi","schema_version":0,"attributes":{"axfr_ips":[],"description":"","domain":"vinskis-great-button-game.fi","expire_sec":0,"group":"","id":"3451939","master_ips":[],"refresh_sec":0,"retry_sec":0,"soa_email":"lauri.mauranen@gmail.com","status":"active","tags":[],"ttl_sec":0,"type":"master"},"sensitive_attributes":[],"private":"bnVsbA=="}]},{"mode":"managed","type":"linode_domain_record","name":"record","provider":"provider[\"registry.opentofu.org/linode/linode\"]","instances":[{"index_key":"aaroaho.fi..172.234.123.168","schema_version":0,"attributes":{"domain_id":3451941,"id":"43553264","name":"","port":0,"priority":0,"protocol":"","record_type":"A","service":"","tag":"","target":"172.234.123.168","ttl_sec":0,"weight":0},"sensitive_attributes":[],"private":"bnVsbA==","dependencies":["linode_domain.domain","linode_instance.instance1"]},{"index_key":"aaroaho.fi..2600:3c09::2000:e0ff:fe35:af67","schema_version":0,"attributes":{"domain_id":3451941,"id":"43773691","name":"","port":0,"priority":0,"protocol":"","record_type":"AAAA","service":"","tag":"","target":"2600:3c09::2000:e0ff:fe35:af67","ttl_sec":0,"weight":0},"sensitive_attributes":[],"private":"bnVsbA==","dependencies":["linode_domain.domain","linode_instance.instance1"]},{"index_key":"aaroaho.fi.www.172.234.123.168","schema_version":0,"attributes":{"domain_id":3451941,"id":"43553261","name":"www","port":0,"priority":0,"protocol":"","record_type":"A","service":"","tag":"","target":"172.234.123.168","ttl_sec":0,"weight":0},"sensitive_attributes":[],"private":"bnVsbA==","dependencies":["linode_domain.domain","linode_instance.instance1"]},{"index_key":"aaroaho.fi.www.2600:3c09::2000:e0ff:fe35:af67","schema_version":0,"attributes":{"domain_id":3451941,"id":"43773686","name":"www","port":0,"priority":0,"protocol":"","record_type":"AAAA","service":"","tag":"","target":"2600:3c09::2000:e0ff:fe35:af67","ttl_sec":0,"weight":0},"sensitive_attributes":[],"private":"bnVsbA==","dependencies":["linode_domain.domain","linode_instance.instance1"]},{"index_key":"lateoy.fi..172.234.123.168","schema_version":0,"attributes":{"domain_id":3451940,"id":"43553221","name":"","port":0,"priority":0,"protocol":"","record_type":"A","service":"","tag":"","target":"172.234.123.168","ttl_sec":0,"weight":0},"sensitive_attributes":[],"private":"bnVsbA==","dependencies":["linode_domain.domain","linode_instance.instance1"]},{"index_key":"lateoy.fi..2600:3c09::2000:e0ff:fe35:af67","schema_version":0,"attributes":{"domain_id":3451940,"id":"43773690","name":"","port":0,"priority":0,"protocol":"","record_type":"AAAA","service":"","tag":"","target":"2600:3c09::2000:e0ff:fe35:af67","ttl_sec":0,"weight":0},"sensitive_attributes":[],"private":"bnVsbA==","dependencies":["linode_domain.domain","linode_instance.instance1"]},{"index_key":"lateoy.fi.tuomari.172.234.123.168","schema_version":0,"attributes":{"domain_id":3451940,"id":"43553222","name":"tuomari","port":0,"priority":0,"protocol":"","record_type":"A","service":"","tag":"","target":"172.234.123.168","ttl_sec":0,"weight":0},"sensitive_attributes":[],"private":"bnVsbA==","dependencies":["linode_domain.domain","linode_instance.instance1"]},{"index_key":"lateoy.fi.tuomari.2600:3c09::2000:e0ff:fe35:af67","schema_version":0,"attributes":{"domain_id":3451940,"id":"43773687","name":"tuomari","port":0,"priority":0,"protocol":"","record_type":"AAAA","service":"","tag":"","target":"2600:3c09::2000:e0ff:fe35:af67","ttl_sec":0,"weight":0},"sensitive_attributes":[],"private":"bnVsbA==","dependencies":["linode_domain.domain","linode_instance.instance1"]},{"index_key":"vinskis-great-button-game.fi..172.234.123.168","schema_version":0,"attributes":{"domain_id":3451939,"id":"43553220","name":"","port":0,"priority":0,"protocol":"","record_type":"A","service":"","tag":"","target":"172.234.123.168","ttl_sec":0,"weight":0},"sensitive_attributes":[],"private":"bnVsbA==","dependencies":["linode_domain.domain","linode_instance.instance1"]},{"index_key":"vinskis-great-button-game.fi..2600:3c09::2000:e0ff:fe35:af67","schema_version":0,"attributes":{"domain_id":3451939,"id":"43773689","name":"","port":0,"priority":0,"protocol":"","record_type":"AAAA","service":"","tag":"","target":"2600:3c09::2000:e0ff:fe35:af67","ttl_sec":0,"weight":0},"sensitive_attributes":[],"private":"bnVsbA==","dependencies":["linode_domain.domain","linode_instance.instance1"]},{"index_key":"vinskis-great-button-game.fi.www.172.234.123.168","schema_version":0,"attributes":{"domain_id":3451939,"id":"43553223","name":"www","port":0,"priority":0,"protocol":"","record_type":"A","service":"","tag":"","target":"172.234.123.168","ttl_sec":0,"weight":0},"sensitive_attributes":[],"private":"bnVsbA==","dependencies":["linode_domain.domain","linode_instance.instance1"]},{"index_key":"vinskis-great-button-game.fi.www.2600:3c09::2000:e0ff:fe35:af67","schema_version":0,"attributes":{"domain_id":3451939,"id":"43773688","name":"www","port":0,"priority":0,"protocol":"","record_type":"AAAA","service":"","tag":"","target":"2600:3c09::2000:e0ff:fe35:af67","ttl_sec":0,"weight":0},"sensitive_attributes":[],"private":"bnVsbA==","dependencies":["linode_domain.domain","linode_instance.instance1"]}]},{"mode":"managed","type":"linode_instance","name":"instance1","provider":"provider[\"registry.opentofu.org/linode/linode\"]","instances":[{"schema_version":0,"attributes":{"alerts":[{"cpu":90,"io":10000,"network_in":10,"network_out":10,"transfer_quota":80}],"authorized_keys":null,"authorized_users":null,"backup_id":null,"backups":[{"available":false,"enabled":false,"schedule":[{"day":"","window":""}]}],"backups_enabled":false,"boot_config_label":"My Ubuntu 24.04 LTS Disk Profile","booted":true,"capabilities":["Block Storage Encryption","Maintenance Policy","SMTP Enabled"],"config":[{"comments":"","devices":[{"sda":[{"disk_id":157517378,"disk_label":"Ubuntu 24.04 LTS Disk","volume_id":0}],"sdaa":[],"sdab":[],"sdac":[],"sdad":[],"sdae":[],"sdaf":[],"sdag":[],"sdah":[],"sdai":[],"sdaj":[],"sdak":[],"sdal":[],"sdam":[],"sdan":[],"sdao":[],"sdap":[],"sdaq":[],"sdar":[],"sdas":[],"sdat":[],"sdau":[],"sdav":[],"sdaw":[],"sdax":[],"sday":[],"sdaz":[],"sdb":[{"disk_id":157517379,"disk_label":"512 MB Swap Image","volume_id":0}],"sdba":[],"sdbb":[],"sdbc":[],"sdbd":[],"sdbe":[],"sdbf":[],"sdbg":[],"sdbh":[],"sdbi":[],"sdbj":[],"sdbk":[],"sdbl":[],"sdc":[],"sdd":[],"sde":[],"sdf":[],"sdg":[],"sdh":[],"sdi":[],"sdj":[],"sdk":[],"sdl":[],"sdm":[],"sdn":[],"sdo":[],"sdp":[],"sdq":[],"sdr":[],"sds":[],"sdt":[],"sdu":[],"sdv":[],"sdw":[],"sdx":[],"sdy":[],"sdz":[]}],"helpers":[{"devtmpfs_automount":true,"distro":true,"modules_dep":true,"network":true,"updatedb_disabled":true}],"id":85356568,"interface":[],"kernel":"linode/grub2","label":"My Ubuntu 24.04 LTS Disk Profile","memory_limit":0,"root_device":"/dev/sda","run_level":"default","virt_mode":"paravirt"}],"disk":[{"authorized_keys":[],"authorized_users":[],"filesystem":"ext4","id":157517378,"image":"","label":"Ubuntu 24.04 LTS Disk","read_only":false,"root_pass":"","size":25088,"stackscript_data":{},"stackscript_id":0},{"authorized_keys":[],"authorized_users":[],"filesystem":"swap","id":157517379,"image":"","label":"512 MB Swap Image","read_only":false,"root_pass":"","size":512,"stackscript_data":{},"stackscript_id":0}],"disk_encryption":"enabled","firewall_id":null,"group":"","has_user_data":false,"host_uuid":"3f8e39300633abd0d65c5cf68cc8c276b76fc38e","id":"81900811","image":null,"interface":[],"interface_generation":"legacy_config","ip_address":"172.234.123.168","ipv4":["172.234.123.168"],"ipv6":"2600:3c09::2000:e0ff:fe35:af67/128","label":"ubuntu-se-sto","lke_cluster_id":0,"locks":[],"maintenance_policy":"linode/migrate","metadata":[],"migration_type":"cold","network_helper":null,"placement_group":[],"placement_group_externally_managed":null,"private_ip":false,"private_ip_address":null,"region":"se-sto","resize_disk":false,"root_pass":null,"shared_ipv4":[],"specs":[{"accelerated_devices":0,"disk":25600,"gpus":0,"memory":1024,"transfer":1000,"vcpus":1}],"stackscript_data":null,"stackscript_id":null,"status":"running","swap_size":512,"tags":[],"timeouts":null,"type":"g6-nanode-1","watchdog_enabled":true},"sensitive_attributes":[[{"type":"get_attr","value":"disk"},{"type":"index","value":{"value":0,"type":"number"}},{"type":"get_attr","value":"root_pass"}],[{"type":"get_attr","value":"disk"},{"type":"index","value":{"value":0,"type":"number"}},{"type":"get_attr","value":"stackscript_data"}],[{"type":"get_attr","value":"disk"},{"type":"index","value":{"value":1,"type":"number"}},{"type":"get_attr","value":"root_pass"}],[{"type":"get_attr","value":"disk"},{"type":"index","value":{"value":1,"type":"number"}},{"type":"get_attr","value":"stackscript_data"}],[{"type":"get_attr","value":"root_pass"}],[{"type":"get_attr","value":"stackscript_data"}]],"private":"eyJlMmJmYjczMC1lY2FhLTExZTYtOGY4OC0zNDM2M2JjN2M0YzAiOnsiY3JlYXRlIjo5MDAwMDAwMDAwMDAsImRlbGV0ZSI6NjAwMDAwMDAwMDAwLCJ1cGRhdGUiOjM2MDAwMDAwMDAwMDB9fQ=="}]}],"check_results":null}
