{"version":4,"terraform_version":"1.11.5","serial":2,"lineage":"9fafadb0-4a50-555f-5ae0-e45c80384380","outputs":{},"resources":[{"mode":"managed","type":"linode_instance","name":"instance1","provider":"provider[\"registry.opentofu.org/linode/linode\"]","instances":[{"schema_version":0,"attributes":{"alerts":[{"cpu":90,"io":10000,"network_in":10,"network_out":10,"transfer_quota":80}],"authorized_keys":null,"authorized_users":null,"backup_id":null,"backups":[{"available":false,"enabled":false,"schedule":[{"day":"","window":""}]}],"backups_enabled":false,"boot_config_label":"My Ubuntu 24.04 LTS Disk Profile","booted":true,"capabilities":["Block Storage Encryption","Maintenance Policy","SMTP Enabled"],"config":[{"comments":"","devices":[{"sda":[{"disk_id":157517378,"disk_label":"Ubuntu 24.04 LTS Disk","volume_id":0}],"sdb":[{"disk_id":157517379,"disk_label":"512 MB Swap Image","volume_id":0}],"sdc":[],"sdd":[],"sde":[],"sdf":[],"sdg":[],"sdh":[]}],"helpers":[{"devtmpfs_automount":true,"distro":true,"modules_dep":true,"network":true,"updatedb_disabled":true}],"id":85356568,"interface":[],"kernel":"linode/grub2","label":"My Ubuntu 24.04 LTS Disk Profile","memory_limit":0,"root_device":"/dev/sda","run_level":"default","virt_mode":"paravirt"}],"disk":[{"authorized_keys":[],"authorized_users":[],"filesystem":"ext4","id":157517378,"image":"","label":"Ubuntu 24.04 LTS Disk","read_only":false,"root_pass":"","size":25088,"stackscript_data":{},"stackscript_id":0},{"authorized_keys":[],"authorized_users":[],"filesystem":"swap","id":157517379,"image":"","label":"512 MB Swap Image","read_only":false,"root_pass":"","size":512,"stackscript_data":{},"stackscript_id":0}],"disk_encryption":"enabled","firewall_id":null,"group":"","has_user_data":false,"host_uuid":"3f8e39300633abd0d65c5cf68cc8c276b76fc38e","id":"81900811","image":null,"interface":[],"interface_generation":"legacy_config","ip_address":"172.234.123.168","ipv4":["172.234.123.168"],"ipv6":"2600:3c09::2000:e0ff:fe35:af67/128","label":"ubuntu-se-sto","lke_cluster_id":0,"locks":[],"maintenance_policy":"linode/migrate","metadata":[],"migration_type":null,"network_helper":null,"placement_group":[],"placement_group_externally_managed":null,"private_ip":false,"private_ip_address":null,"region":"se-sto","resize_disk":null,"root_pass":null,"shared_ipv4":[],"specs":[{"accelerated_devices":0,"disk":25600,"gpus":0,"memory":1024,"transfer":1000,"vcpus":1}],"stackscript_data":null,"stackscript_id":null,"status":"running","swap_size":512,"tags":[],"timeouts":null,"type":"g6-nanode-1","watchdog_enabled":true},"sensitive_attributes":[[{"type":"get_attr","value":"disk"},{"type":"index","value":{"value":0,"type":"number"}},{"type":"get_attr","value":"root_pass"}],[{"type":"get_attr","value":"disk"},{"type":"index","value":{"value":0,"type":"number"}},{"type":"get_attr","value":"stackscript_data"}],[{"type":"get_attr","value":"disk"},{"type":"index","value":{"value":1,"type":"number"}},{"type":"get_attr","value":"root_pass"}],[{"type":"get_attr","value":"disk"},{"type":"index","value":{"value":1,"type":"number"}},{"type":"get_attr","value":"stackscript_data"}],[{"type":"get_attr","value":"root_pass"}],[{"type":"get_attr","value":"stackscript_data"}]],"private":"eyJlMmJmYjczMC1lY2FhLTExZTYtOGY4OC0zNDM2M2JjN2M0YzAiOnsiY3JlYXRlIjo5MDAwMDAwMDAwMDAsImRlbGV0ZSI6NjAwMDAwMDAwMDAwLCJ1cGRhdGUiOjM2MDAwMDAwMDAwMDB9LCJzY2hlbWFfdmVyc2lvbiI6IjAifQ=="}]}],"check_results":null}
